
Microsoft Visual Studio Solution File, Format Version 12.00
# Visual Studio 15
VisualStudioVersion = 15.0.28010.2016
MinimumVisualStudioVersion = 10.0.40219.1
Project("{9A19103F-16F7-4668-BE54-9A1E7A4F7556}") = "HYC.WebApi", "HYC.WebApi\HYC.WebApi.csproj", "{66B69F26-B726-4661-9268-9F1A5EF53D32}"
EndProject
Project("{9A19103F-16F7-4668-BE54-9A1E7A4F7556}") = "HYC.Services", "HYC.Services\HYC.Services.csproj", "{4EE6961C-24D5-405E-A0E8-BF21AEB17ADB}"
EndProject
Project("{FAE04EC0-301F-11D3-BF4B-00C04F79EFBC}") = "HYC.WebChat", "HYC.WebChat\HYC.WebChat.csproj", "{40A0C2A3-9D38-4356-84B7-F13B9CBB5868}"
EndProject
Global
	GlobalSection(SolutionConfigurationPlatforms) = preSolution
		Debug|Any CPU = Debug|Any CPU
		Release|Any CPU = Release|Any CPU
	EndGlobalSection
	GlobalSection(ProjectConfigurationPlatforms) = postSolution
		{66B69F26-B726-4661-9268-9F1A5EF53D32}.Debug|Any CPU.ActiveCfg = Debug|Any CPU
		{66B69F26-B726-4661-9268-9F1A5EF53D32}.Debug|Any CPU.Build.0 = Debug|Any CPU
		{66B69F26-B726-4661-9268-9F1A5EF53D32}.Release|Any CPU.ActiveCfg = Release|Any CPU
		{66B69F26-B726-4661-9268-9F1A5EF53D32}.Release|Any CPU.Build.0 = Release|Any CPU
		{4EE6961C-24D5-405E-A0E8-BF21AEB17ADB}.Debug|Any CPU.ActiveCfg = Debug|Any CPU
		{4EE6961C-24D5-405E-A0E8-BF21AEB17ADB}.Debug|Any CPU.Build.0 = Debug|Any CPU
		{4EE6961C-24D5-405E-A0E8-BF21AEB17ADB}.Release|Any CPU.ActiveCfg = Release|Any CPU
		{4EE6961C-24D5-405E-A0E8-BF21AEB17ADB}.Release|Any CPU.Build.0 = Release|Any CPU
		{40A0C2A3-9D38-4356-84B7-F13B9CBB5868}.Debug|Any CPU.ActiveCfg = Debug|Any CPU
		{40A0C2A3-9D38-4356-84B7-F13B9CBB5868}.Debug|Any CPU.Build.0 = Debug|Any CPU
		{40A0C2A3-9D38-4356-84B7-F13B9CBB5868}.Release|Any CPU.ActiveCfg = Release|Any CPU
		{40A0C2A3-9D38-4356-84B7-F13B9CBB5868}.Release|Any CPU.Build.0 = Release|Any CPU
	EndGlobalSection
	GlobalSection(SolutionProperties) = preSolution
		HideSolutionNode = FALSE
	EndGlobalSection
	GlobalSection(ExtensibilityGlobals) = postSolution
		SolutionGuid = {40561B7A-FB21-4C5E-913C-A795F31F7C26}
	EndGlobalSection
EndGlobal
